
Microsoft Visual Studio Solution File, Format Version 12.00
# Visual Studio Version 17
VisualStudioVersion = 17.5.33424.131
MinimumVisualStudioVersion = 10.0.40219.1
Project("{2150E333-8FDC-42A3-9474-1A3956D46DE8}") = "Docs", "Docs", "{24283B49-5E44-41F5-AB2D-E61D2E05B919}"
	ProjectSection(SolutionItems) = preProject
		.editorconfig = .editorconfig
		CONTRIBUTING.md = CONTRIBUTING.md
		DEPLOYNOTES.md = DEPLOYNOTES.md
		Fundamentals.sln.headertext = Fundamentals.sln.headertext
		global.json = global.json
		LICENSE.md = LICENSE.md
		MarketingAgreement.esiot = MarketingAgreement.esiot
		README.md = README.md
	EndProjectSection
EndProject
Project("{2150E333-8FDC-42A3-9474-1A3956D46DE8}") = "Code", "Code", "{999B310E-831E-4565-A5A1-919E8EC780A4}"
EndProject
Project("{9A19103F-16F7-4668-BE54-9A1E7A4F7556}") = "SharedModels", "SharedModels\SharedModels.csproj", "{A5A01906-4ADE-43CD-8B9A-1A4BFE17B32F}"
EndProject
Project("{9A19103F-16F7-4668-BE54-9A1E7A4F7556}") = "WebHookProcessor", "WebHookProcessor\WebHookProcessor.csproj", "{AB5C2C12-44BC-4F5D-AC04-EBF9FA092FD1}"
EndProject
Project("{9A19103F-16F7-4668-BE54-9A1E7A4F7556}") = "ContractSender", "ContractSender\ContractSender.csproj", "{7887CE3F-9B85-4AB2-BF7A-BCF8CBE54884}"
EndProject
Project("{9A19103F-16F7-4668-BE54-9A1E7A4F7556}") = "MessageProcessor", "MessageProcessor\MessageProcessor.csproj", "{67F06312-30FB-449E-B70B-FC9F88E26021}"
EndProject
Project("{2150E333-8FDC-42A3-9474-1A3956D46DE8}") = "Samples", "Samples", "{B0113692-AB59-4AD7-A41D-612BDAD71210}"
EndProject
Project("{2150E333-8FDC-42A3-9474-1A3956D46DE8}") = "NuGets", "NuGets", "{44ECF3E1-641E-44CE-84FC-DA4504F19828}"
EndProject
Project("{9A19103F-16F7-4668-BE54-9A1E7A4F7556}") = "ESignatures.Json", "ESignatures.Json\ESignatures.Json.csproj", "{B337B77A-1F09-4B42-AE0E-BDE7DC190D08}"
EndProject
Project("{9A19103F-16F7-4668-BE54-9A1E7A4F7556}") = "ESignatures.Client", "ESignatures.Client\ESignatures.Client.csproj", "{EA277112-B82D-4963-8D62-04A002B41DF8}"
EndProject
Global
	GlobalSection(SolutionConfigurationPlatforms) = preSolution
		Debug|Any CPU = Debug|Any CPU
		Release|Any CPU = Release|Any CPU
	EndGlobalSection
	GlobalSection(ProjectConfigurationPlatforms) = postSolution
		{A5A01906-4ADE-43CD-8B9A-1A4BFE17B32F}.Debug|Any CPU.ActiveCfg = Debug|Any CPU
		{A5A01906-4ADE-43CD-8B9A-1A4BFE17B32F}.Debug|Any CPU.Build.0 = Debug|Any CPU
		{A5A01906-4ADE-43CD-8B9A-1A4BFE17B32F}.Release|Any CPU.ActiveCfg = Release|Any CPU
		{A5A01906-4ADE-43CD-8B9A-1A4BFE17B32F}.Release|Any CPU.Build.0 = Release|Any CPU
		{AB5C2C12-44BC-4F5D-AC04-EBF9FA092FD1}.Debug|Any CPU.ActiveCfg = Debug|Any CPU
		{AB5C2C12-44BC-4F5D-AC04-EBF9FA092FD1}.Debug|Any CPU.Build.0 = Debug|Any CPU
		{AB5C2C12-44BC-4F5D-AC04-EBF9FA092FD1}.Release|Any CPU.ActiveCfg = Release|Any CPU
		{AB5C2C12-44BC-4F5D-AC04-EBF9FA092FD1}.Release|Any CPU.Build.0 = Release|Any CPU
		{7887CE3F-9B85-4AB2-BF7A-BCF8CBE54884}.Debug|Any CPU.ActiveCfg = Debug|Any CPU
		{7887CE3F-9B85-4AB2-BF7A-BCF8CBE54884}.Debug|Any CPU.Build.0 = Debug|Any CPU
		{7887CE3F-9B85-4AB2-BF7A-BCF8CBE54884}.Release|Any CPU.ActiveCfg = Release|Any CPU
		{7887CE3F-9B85-4AB2-BF7A-BCF8CBE54884}.Release|Any CPU.Build.0 = Release|Any CPU
		{67F06312-30FB-449E-B70B-FC9F88E26021}.Debug|Any CPU.ActiveCfg = Debug|Any CPU
		{67F06312-30FB-449E-B70B-FC9F88E26021}.Debug|Any CPU.Build.0 = Debug|Any CPU
		{67F06312-30FB-449E-B70B-FC9F88E26021}.Release|Any CPU.ActiveCfg = Release|Any CPU
		{67F06312-30FB-449E-B70B-FC9F88E26021}.Release|Any CPU.Build.0 = Release|Any CPU
		{B337B77A-1F09-4B42-AE0E-BDE7DC190D08}.Debug|Any CPU.ActiveCfg = Debug|Any CPU
		{B337B77A-1F09-4B42-AE0E-BDE7DC190D08}.Debug|Any CPU.Build.0 = Debug|Any CPU
		{B337B77A-1F09-4B42-AE0E-BDE7DC190D08}.Release|Any CPU.ActiveCfg = Release|Any CPU
		{B337B77A-1F09-4B42-AE0E-BDE7DC190D08}.Release|Any CPU.Build.0 = Release|Any CPU
		{EA277112-B82D-4963-8D62-04A002B41DF8}.Debug|Any CPU.ActiveCfg = Debug|Any CPU
		{EA277112-B82D-4963-8D62-04A002B41DF8}.Debug|Any CPU.Build.0 = Debug|Any CPU
		{EA277112-B82D-4963-8D62-04A002B41DF8}.Release|Any CPU.ActiveCfg = Release|Any CPU
		{EA277112-B82D-4963-8D62-04A002B41DF8}.Release|Any CPU.Build.0 = Release|Any CPU
	EndGlobalSection
	GlobalSection(SolutionProperties) = preSolution
		HideSolutionNode = FALSE
	EndGlobalSection
	GlobalSection(NestedProjects) = preSolution
		{A5A01906-4ADE-43CD-8B9A-1A4BFE17B32F} = {B0113692-AB59-4AD7-A41D-612BDAD71210}
		{AB5C2C12-44BC-4F5D-AC04-EBF9FA092FD1} = {B0113692-AB59-4AD7-A41D-612BDAD71210}
		{7887CE3F-9B85-4AB2-BF7A-BCF8CBE54884} = {B0113692-AB59-4AD7-A41D-612BDAD71210}
		{67F06312-30FB-449E-B70B-FC9F88E26021} = {B0113692-AB59-4AD7-A41D-612BDAD71210}
		{B0113692-AB59-4AD7-A41D-612BDAD71210} = {999B310E-831E-4565-A5A1-919E8EC780A4}
		{44ECF3E1-641E-44CE-84FC-DA4504F19828} = {999B310E-831E-4565-A5A1-919E8EC780A4}
		{B337B77A-1F09-4B42-AE0E-BDE7DC190D08} = {44ECF3E1-641E-44CE-84FC-DA4504F19828}
		{EA277112-B82D-4963-8D62-04A002B41DF8} = {44ECF3E1-641E-44CE-84FC-DA4504F19828}
	EndGlobalSection
	GlobalSection(ExtensibilityGlobals) = postSolution
		SolutionGuid = {A7C085D3-62D0-4FCC-9680-3FAF08D87318}
	EndGlobalSection
EndGlobal
